
Microsoft Visual Studio Solution File, Format Version 12.00
# Visual Studio Version 16
VisualStudioVersion = 16.0.29806.167
MinimumVisualStudioVersion = 10.0.40219.1
Project("{9A19103F-16F7-4668-BE54-9A1E7A4F7556}") = "Cw2", "Cw2.csproj", "{5898DE5C-380A-47C0-A362-1ACD3D60A5AE}"
EndProject
Project("{2150E333-8FDC-42A3-9474-1A3956D46DE8}") = "Solution Items", "Solution Items", "{6BA09E9B-5E24-4265-9E04-3C3F9CEB5E6E}"
	ProjectSection(SolutionItems) = preProject
		Class1.cs = Class1.cs
		Class2.cs = Class2.cs
	EndProjectSection
EndProject
Global
	GlobalSection(SolutionConfigurationPlatforms) = preSolution
		Debug|Any CPU = Debug|Any CPU
		Release|Any CPU = Release|Any CPU
	EndGlobalSection
	GlobalSection(ProjectConfigurationPlatforms) = postSolution
		{5898DE5C-380A-47C0-A362-1ACD3D60A5AE}.Debug|Any CPU.ActiveCfg = Debug|Any CPU
		{5898DE5C-380A-47C0-A362-1ACD3D60A5AE}.Debug|Any CPU.Build.0 = Debug|Any CPU
		{5898DE5C-380A-47C0-A362-1ACD3D60A5AE}.Release|Any CPU.ActiveCfg = Release|Any CPU
		{5898DE5C-380A-47C0-A362-1ACD3D60A5AE}.Release|Any CPU.Build.0 = Release|Any CPU
	EndGlobalSection
	GlobalSection(SolutionProperties) = preSolution
		HideSolutionNode = FALSE
	EndGlobalSection
	GlobalSection(ExtensibilityGlobals) = postSolution
		SolutionGuid = {AAABE159-5F42-4E25-8D04-84EED83F8324}
	EndGlobalSection
EndGlobal
